Microsoft Visual Studio Solution File, Format Version 12.00
# Visual Studio 14
Project("{8BC9CEB8-8B4A-11D0-8D11-00A0C91BC942}") = "ALL_BUILD", "ALL_BUILD.vcxproj", "{1DB4EE8E-EB8B-3713-9F14-9DB1035F7B5E}"
	ProjectSection(ProjectDependencies) = postProject
		{B84B2CC9-942E-3EA7-92DD-8C964E8A2684} = {B84B2CC9-942E-3EA7-92DD-8C964E8A2684}
		{B7E7155B-7B54-3119-8E1F-B97DF7677AB8} = {B7E7155B-7B54-3119-8E1F-B97DF7677AB8}
	EndProjectSection
EndProject
Project("{8BC9CEB8-8B4A-11D0-8D11-00A0C91BC942}") = "ZERO_CHECK", "ZERO_CHECK.vcxproj", "{B84B2CC9-942E-3EA7-92DD-8C964E8A2684}"
	ProjectSection(ProjectDependencies) = postProject
	EndProjectSection
EndProject
Project("{8BC9CEB8-8B4A-11D0-8D11-00A0C91BC942}") = "jello", "jello.vcxproj", "{B7E7155B-7B54-3119-8E1F-B97DF7677AB8}"
	ProjectSection(ProjectDependencies) = postProject
		{B84B2CC9-942E-3EA7-92DD-8C964E8A2684} = {B84B2CC9-942E-3EA7-92DD-8C964E8A2684}
	EndProjectSection
EndProject
Global
	GlobalSection(SolutionConfigurationPlatforms) = preSolution
		Debug|Win32 = Debug|Win32
		Release|Win32 = Release|Win32
		MinSizeRel|Win32 = MinSizeRel|Win32
		RelWithDebInfo|Win32 = RelWithDebInfo|Win32
	EndGlobalSection
	GlobalSection(ProjectConfigurationPlatforms) = postSolution
		{1DB4EE8E-EB8B-3713-9F14-9DB1035F7B5E}.Debug|Win32.ActiveCfg = Debug|Win32
		{1DB4EE8E-EB8B-3713-9F14-9DB1035F7B5E}.Release|Win32.ActiveCfg = Release|Win32
		{1DB4EE8E-EB8B-3713-9F14-9DB1035F7B5E}.MinSizeRel|Win32.ActiveCfg = MinSizeRel|Win32
		{1DB4EE8E-EB8B-3713-9F14-9DB1035F7B5E}.RelWithDebInfo|Win32.ActiveCfg = RelWithDebInfo|Win32
		{B84B2CC9-942E-3EA7-92DD-8C964E8A2684}.Debug|Win32.ActiveCfg = Debug|Win32
		{B84B2CC9-942E-3EA7-92DD-8C964E8A2684}.Debug|Win32.Build.0 = Debug|Win32
		{B84B2CC9-942E-3EA7-92DD-8C964E8A2684}.Release|Win32.ActiveCfg = Release|Win32
		{B84B2CC9-942E-3EA7-92DD-8C964E8A2684}.Release|Win32.Build.0 = Release|Win32
		{B84B2CC9-942E-3EA7-92DD-8C964E8A2684}.MinSizeRel|Win32.ActiveCfg = MinSizeRel|Win32
		{B84B2CC9-942E-3EA7-92DD-8C964E8A2684}.MinSizeRel|Win32.Build.0 = MinSizeRel|Win32
		{B84B2CC9-942E-3EA7-92DD-8C964E8A2684}.RelWithDebInfo|Win32.ActiveCfg = RelWithDebInfo|Win32
		{B84B2CC9-942E-3EA7-92DD-8C964E8A2684}.RelWithDebInfo|Win32.Build.0 = RelWithDebInfo|Win32
		{B7E7155B-7B54-3119-8E1F-B97DF7677AB8}.Debug|Win32.ActiveCfg = Debug|Win32
		{B7E7155B-7B54-3119-8E1F-B97DF7677AB8}.Debug|Win32.Build.0 = Debug|Win32
		{B7E7155B-7B54-3119-8E1F-B97DF7677AB8}.Release|Win32.ActiveCfg = Release|Win32
		{B7E7155B-7B54-3119-8E1F-B97DF7677AB8}.Release|Win32.Build.0 = Release|Win32
		{B7E7155B-7B54-3119-8E1F-B97DF7677AB8}.MinSizeRel|Win32.ActiveCfg = MinSizeRel|Win32
		{B7E7155B-7B54-3119-8E1F-B97DF7677AB8}.MinSizeRel|Win32.Build.0 = MinSizeRel|Win32
		{B7E7155B-7B54-3119-8E1F-B97DF7677AB8}.RelWithDebInfo|Win32.ActiveCfg = RelWithDebInfo|Win32
		{B7E7155B-7B54-3119-8E1F-B97DF7677AB8}.RelWithDebInfo|Win32.Build.0 = RelWithDebInfo|Win32
	EndGlobalSection
	GlobalSection(ExtensibilityGlobals) = postSolution
	EndGlobalSection
	GlobalSection(ExtensibilityAddIns) = postSolution
	EndGlobalSection
EndGlobal
